
Microsoft Visual Studio Solution File, Format Version 12.00
# Visual Studio Version 16
VisualStudioVersion = 16.0.31613.86
MinimumVisualStudioVersion = 10.0.40219.1
Project("{FAE04EC0-301F-11D3-BF4B-00C04F79EFBC}") = "LibLlenarGrids", "LibLlenarGrids.csproj", "{C6FC631E-159C-4AFA-B8D1-14D1A7A5E5EB}"
EndProject
Global
	GlobalSection(SolutionConfigurationPlatforms) = preSolution
		Debug|Any CPU = Debug|Any CPU
		Release|Any CPU = Release|Any CPU
	EndGlobalSection
	GlobalSection(ProjectConfigurationPlatforms) = postSolution
		{C6FC631E-159C-4AFA-B8D1-14D1A7A5E5EB}.Debug|Any CPU.ActiveCfg = Debug|Any CPU
		{C6FC631E-159C-4AFA-B8D1-14D1A7A5E5EB}.Debug|Any CPU.Build.0 = Debug|Any CPU
		{C6FC631E-159C-4AFA-B8D1-14D1A7A5E5EB}.Release|Any CPU.ActiveCfg = Release|Any CPU
		{C6FC631E-159C-4AFA-B8D1-14D1A7A5E5EB}.Release|Any CPU.Build.0 = Release|Any CPU
	EndGlobalSection
	GlobalSection(SolutionProperties) = preSolution
		HideSolutionNode = FALSE
	EndGlobalSection
	GlobalSection(ExtensibilityGlobals) = postSolution
		SolutionGuid = {AA6810FA-0FA8-4EB0-8103-C4A776C7280B}
	EndGlobalSection
EndGlobal
